{
  "name": "url-fragment-extender",
  "version": "2.0.0-beta.2",
  "lockfileVersion": 3,
  "requires": true,
  "packages": {
    "": {
      "name": "url-fragment-extender",
      "version": "2.0.0-beta.2",
      "license": "MIT",
      "funding": {
        "url": "https://manuel-lohmus.github.io/url-fragment-extender/README.html#license"
      }
    }
  }
}
